
Microsoft Visual Studio Solution File, Format Version 12.00
# Visual Studio Version 16
VisualStudioVersion = 16.0.30804.86
MinimumVisualStudioVersion = 10.0.40219.1
Project("{FAE04EC0-301F-11D3-BF4B-00C04F79EFBC}") = "loco_prog", "loco_prog\loco_prog.csproj", "{1506D9CC-7D7A-4404-A2EF-EF3779767006}"
EndProject
Global
	GlobalSection(SolutionConfigurationPlatforms) = preSolution
		Debug|Any CPU = Debug|Any CPU
		Release|Any CPU = Release|Any CPU
	EndGlobalSection
	GlobalSection(ProjectConfigurationPlatforms) = postSolution
		{1506D9CC-7D7A-4404-A2EF-EF3779767006}.Debug|Any CPU.ActiveCfg = Debug|Any CPU
		{1506D9CC-7D7A-4404-A2EF-EF3779767006}.Debug|Any CPU.Build.0 = Debug|Any CPU
		{1506D9CC-7D7A-4404-A2EF-EF3779767006}.Release|Any CPU.ActiveCfg = Release|Any CPU
		{1506D9CC-7D7A-4404-A2EF-EF3779767006}.Release|Any CPU.Build.0 = Release|Any CPU
	EndGlobalSection
	GlobalSection(SolutionProperties) = preSolution
		HideSolutionNode = FALSE
	EndGlobalSection
	GlobalSection(ExtensibilityGlobals) = postSolution
		SolutionGuid = {F72A006A-5164-4567-B559-68FECDDC50AD}
	EndGlobalSection
EndGlobal
